
Microsoft Visual Studio Solution File, Format Version 12.00
# Visual Studio Version 17
VisualStudioVersion = 17.9.34622.214
MinimumVisualStudioVersion = 10.0.40219.1
Project("{FAE04EC0-301F-11D3-BF4B-00C04F79EFBC}") = "MvcApiPersonajesAWS", "MvcApiPersonajesAWS\MvcApiPersonajesAWS.csproj", "{35CC502C-C139-4E2F-9133-2236D26DA502}"
EndProject
Global
	GlobalSection(SolutionConfigurationPlatforms) = preSolution
		Debug|Any CPU = Debug|Any CPU
		Release|Any CPU = Release|Any CPU
	EndGlobalSection
	GlobalSection(ProjectConfigurationPlatforms) = postSolution
		{35CC502C-C139-4E2F-9133-2236D26DA502}.Debug|Any CPU.ActiveCfg = Debug|Any CPU
		{35CC502C-C139-4E2F-9133-2236D26DA502}.Debug|Any CPU.Build.0 = Debug|Any CPU
		{35CC502C-C139-4E2F-9133-2236D26DA502}.Release|Any CPU.ActiveCfg = Release|Any CPU
		{35CC502C-C139-4E2F-9133-2236D26DA502}.Release|Any CPU.Build.0 = Release|Any CPU
	EndGlobalSection
	GlobalSection(SolutionProperties) = preSolution
		HideSolutionNode = FALSE
	EndGlobalSection
	GlobalSection(ExtensibilityGlobals) = postSolution
		SolutionGuid = {1E2BDD82-3229-4D3D-AF3F-CCDD7BD849C7}
	EndGlobalSection
EndGlobal
